
Microsoft Visual Studio Solution File, Format Version 12.00
# Visual Studio Version 17
VisualStudioVersion = 17.4.33403.182
MinimumVisualStudioVersion = 10.0.40219.1
Project("{FAE04EC0-301F-11D3-BF4B-00C04F79EFBC}") = "APILoja", "APILoja\APILoja.csproj", "{BED6EB2F-D56F-4AA6-9502-392F2950DD4A}"
EndProject
Global
	GlobalSection(SolutionConfigurationPlatforms) = preSolution
		Debug|Any CPU = Debug|Any CPU
		Release|Any CPU = Release|Any CPU
	EndGlobalSection
	GlobalSection(ProjectConfigurationPlatforms) = postSolution
		{BED6EB2F-D56F-4AA6-9502-392F2950DD4A}.Debug|Any CPU.ActiveCfg = Debug|Any CPU
		{BED6EB2F-D56F-4AA6-9502-392F2950DD4A}.Debug|Any CPU.Build.0 = Debug|Any CPU
		{BED6EB2F-D56F-4AA6-9502-392F2950DD4A}.Release|Any CPU.ActiveCfg = Release|Any CPU
		{BED6EB2F-D56F-4AA6-9502-392F2950DD4A}.Release|Any CPU.Build.0 = Release|Any CPU
	EndGlobalSection
	GlobalSection(SolutionProperties) = preSolution
		HideSolutionNode = FALSE
	EndGlobalSection
	GlobalSection(ExtensibilityGlobals) = postSolution
		SolutionGuid = {121F6BEE-08F3-4BB5-86EA-ECEAE4C00893}
	EndGlobalSection
EndGlobal
